
Microsoft Visual Studio Solution File, Format Version 12.00
# Visual Studio Version 16
VisualStudioVersion = 16.0.29519.181
MinimumVisualStudioVersion = 10.0.40219.1
Project("{9A19103F-16F7-4668-BE54-9A1E7A4F7556}") = "DickinsonBros.DateTime", "DickinsonBros.DateTime\DickinsonBros.DateTime.csproj", "{81566909-1B0E-4969-83F0-73DA08735BFB}"
EndProject
Project("{2150E333-8FDC-42A3-9474-1A3956D46DE8}") = "1 Library", "1 Library", "{57A4CCE8-175E-4532-BBEA-C73235F7C714}"
EndProject
Project("{9A19103F-16F7-4668-BE54-9A1E7A4F7556}") = "DickinsonBros.DateTime.Tests", "DickinsonBros.DateTime.Tests\DickinsonBros.DateTime.Tests.csproj", "{1FE73EFB-8105-4E39-86F2-A501A3641710}"
EndProject
Project("{2150E333-8FDC-42A3-9474-1A3956D46DE8}") = "9 Misc", "9 Misc", "{7B5B9359-6239-43D0-AE50-6769588587A6}"
	ProjectSection(SolutionItems) = preProject
		Scripts\CreateNugetPackageCI.ps1 = Scripts\CreateNugetPackageCI.ps1
		DickinsonBros.DateTime.runsettings = DickinsonBros.DateTime.runsettings
		Scripts\Publish.yml = Scripts\Publish.yml
		Scripts\Test.yml = Scripts\Test.yml
	EndProjectSection
EndProject
Project("{2150E333-8FDC-42A3-9474-1A3956D46DE8}") = "2 Runner", "2 Runner", "{CC15E346-93D2-48D4-AE02-657BA87761CA}"
EndProject
Project("{9A19103F-16F7-4668-BE54-9A1E7A4F7556}") = "DickinsonBros.DateTime.Runner", "DickinsonBros.DateTime.Runner\DickinsonBros.DateTime.Runner.csproj", "{D4D7ABCD-235D-4FDF-AB8D-7B97B9CC6CC7}"
EndProject
Global
	GlobalSection(SolutionConfigurationPlatforms) = preSolution
		Debug|Any CPU = Debug|Any CPU
		Release|Any CPU = Release|Any CPU
	EndGlobalSection
	GlobalSection(ProjectConfigurationPlatforms) = postSolution
		{81566909-1B0E-4969-83F0-73DA08735BFB}.Debug|Any CPU.ActiveCfg = Debug|Any CPU
		{81566909-1B0E-4969-83F0-73DA08735BFB}.Debug|Any CPU.Build.0 = Debug|Any CPU
		{81566909-1B0E-4969-83F0-73DA08735BFB}.Release|Any CPU.ActiveCfg = Release|Any CPU
		{81566909-1B0E-4969-83F0-73DA08735BFB}.Release|Any CPU.Build.0 = Release|Any CPU
		{1FE73EFB-8105-4E39-86F2-A501A3641710}.Debug|Any CPU.ActiveCfg = Debug|Any CPU
		{1FE73EFB-8105-4E39-86F2-A501A3641710}.Debug|Any CPU.Build.0 = Debug|Any CPU
		{1FE73EFB-8105-4E39-86F2-A501A3641710}.Release|Any CPU.ActiveCfg = Release|Any CPU
		{1FE73EFB-8105-4E39-86F2-A501A3641710}.Release|Any CPU.Build.0 = Release|Any CPU
		{D4D7ABCD-235D-4FDF-AB8D-7B97B9CC6CC7}.Debug|Any CPU.ActiveCfg = Debug|Any CPU
		{D4D7ABCD-235D-4FDF-AB8D-7B97B9CC6CC7}.Debug|Any CPU.Build.0 = Debug|Any CPU
		{D4D7ABCD-235D-4FDF-AB8D-7B97B9CC6CC7}.Release|Any CPU.ActiveCfg = Release|Any CPU
		{D4D7ABCD-235D-4FDF-AB8D-7B97B9CC6CC7}.Release|Any CPU.Build.0 = Release|Any CPU
	EndGlobalSection
	GlobalSection(SolutionProperties) = preSolution
		HideSolutionNode = FALSE
	EndGlobalSection
	GlobalSection(NestedProjects) = preSolution
		{81566909-1B0E-4969-83F0-73DA08735BFB} = {57A4CCE8-175E-4532-BBEA-C73235F7C714}
		{1FE73EFB-8105-4E39-86F2-A501A3641710} = {57A4CCE8-175E-4532-BBEA-C73235F7C714}
		{D4D7ABCD-235D-4FDF-AB8D-7B97B9CC6CC7} = {CC15E346-93D2-48D4-AE02-657BA87761CA}
	EndGlobalSection
	GlobalSection(ExtensibilityGlobals) = postSolution
		SolutionGuid = {352074D2-D816-4D3E-ACC6-39BB7D2A3F68}
	EndGlobalSection
EndGlobal
