
Microsoft Visual Studio Solution File, Format Version 12.00
# Visual Studio Version 16
VisualStudioVersion = 16.0.29519.181
MinimumVisualStudioVersion = 10.0.40219.1
Project("{FAE04EC0-301F-11D3-BF4B-00C04F79EFBC}") = "DickinsonBros.DateTime", "DickinsonBros.DateTime\DickinsonBros.DateTime.csproj", "{81566909-1B0E-4969-83F0-73DA08735BFB}"
EndProject
Project("{2150E333-8FDC-42A3-9474-1A3956D46DE8}") = "1 Lib", "1 Lib", "{57A4CCE8-175E-4532-BBEA-C73235F7C714}"
EndProject
Project("{FAE04EC0-301F-11D3-BF4B-00C04F79EFBC}") = "DickinsonBros.DateTime.Tests", "DickinsonBros.DateTime.Tests\DickinsonBros.DateTime.Tests.csproj", "{1FE73EFB-8105-4E39-86F2-A501A3641710}"
EndProject
Project("{2150E333-8FDC-42A3-9474-1A3956D46DE8}") = "9 Misc", "9 Misc", "{7B5B9359-6239-43D0-AE50-6769588587A6}"
	ProjectSection(SolutionItems) = preProject
		CreateNugetPackage.ps1 = CreateNugetPackage.ps1
		CreateNugetPackageCI.ps1 = CreateNugetPackageCI.ps1
	EndProjectSection
EndProject
Global
	GlobalSection(SolutionConfigurationPlatforms) = preSolution
		Debug|Any CPU = Debug|Any CPU
		Release|Any CPU = Release|Any CPU
	EndGlobalSection
	GlobalSection(ProjectConfigurationPlatforms) = postSolution
		{81566909-1B0E-4969-83F0-73DA08735BFB}.Debug|Any CPU.ActiveCfg = Debug|Any CPU
		{81566909-1B0E-4969-83F0-73DA08735BFB}.Debug|Any CPU.Build.0 = Debug|Any CPU
		{81566909-1B0E-4969-83F0-73DA08735BFB}.Release|Any CPU.ActiveCfg = Release|Any CPU
		{81566909-1B0E-4969-83F0-73DA08735BFB}.Release|Any CPU.Build.0 = Release|Any CPU
		{1FE73EFB-8105-4E39-86F2-A501A3641710}.Debug|Any CPU.ActiveCfg = Debug|Any CPU
		{1FE73EFB-8105-4E39-86F2-A501A3641710}.Debug|Any CPU.Build.0 = Debug|Any CPU
		{1FE73EFB-8105-4E39-86F2-A501A3641710}.Release|Any CPU.ActiveCfg = Release|Any CPU
		{1FE73EFB-8105-4E39-86F2-A501A3641710}.Release|Any CPU.Build.0 = Release|Any CPU
	EndGlobalSection
	GlobalSection(SolutionProperties) = preSolution
		HideSolutionNode = FALSE
	EndGlobalSection
	GlobalSection(NestedProjects) = preSolution
		{81566909-1B0E-4969-83F0-73DA08735BFB} = {57A4CCE8-175E-4532-BBEA-C73235F7C714}
		{1FE73EFB-8105-4E39-86F2-A501A3641710} = {57A4CCE8-175E-4532-BBEA-C73235F7C714}
	EndGlobalSection
	GlobalSection(ExtensibilityGlobals) = postSolution
		SolutionGuid = {352074D2-D816-4D3E-ACC6-39BB7D2A3F68}
	EndGlobalSection
EndGlobal
